
Microsoft Visual Studio Solution File, Format Version 12.00
# Visual Studio 15
VisualStudioVersion = 15.0.28307.572
MinimumVisualStudioVersion = 10.0.40219.1
Project("{8BC9CEB8-8B4A-11D0-8D11-00A0C91BC942}") = "0522DX3D", "0522DX3D\0522DX3D.vcxproj", "{4A053A1C-3AE0-4DCB-BC01-A14D18DB5A3B}"
EndProject
Global
	GlobalSection(SolutionConfigurationPlatforms) = preSolution
		Debug|x64 = Debug|x64
		Debug|x86 = Debug|x86
		Release|x64 = Release|x64
		Release|x86 = Release|x86
	EndGlobalSection
	GlobalSection(ProjectConfigurationPlatforms) = postSolution
		{4A053A1C-3AE0-4DCB-BC01-A14D18DB5A3B}.Debug|x64.ActiveCfg = Debug|x64
		{4A053A1C-3AE0-4DCB-BC01-A14D18DB5A3B}.Debug|x64.Build.0 = Debug|x64
		{4A053A1C-3AE0-4DCB-BC01-A14D18DB5A3B}.Debug|x86.ActiveCfg = Debug|Win32
		{4A053A1C-3AE0-4DCB-BC01-A14D18DB5A3B}.Debug|x86.Build.0 = Debug|Win32
		{4A053A1C-3AE0-4DCB-BC01-A14D18DB5A3B}.Release|x64.ActiveCfg = Release|x64
		{4A053A1C-3AE0-4DCB-BC01-A14D18DB5A3B}.Release|x64.Build.0 = Release|x64
		{4A053A1C-3AE0-4DCB-BC01-A14D18DB5A3B}.Release|x86.ActiveCfg = Release|Win32
		{4A053A1C-3AE0-4DCB-BC01-A14D18DB5A3B}.Release|x86.Build.0 = Release|Win32
	EndGlobalSection
	GlobalSection(SolutionProperties) = preSolution
		HideSolutionNode = FALSE
	EndGlobalSection
	GlobalSection(ExtensibilityGlobals) = postSolution
		SolutionGuid = {0863F172-2BBA-4159-9C37-E3FBF9BF28F0}
	EndGlobalSection
EndGlobal
